
Microsoft Visual Studio Solution File, Format Version 12.00
# Visual Studio Version 17
VisualStudioVersion = 17.10.35027.167
MinimumVisualStudioVersion = 10.0.40219.1
Project("{FAE04EC0-301F-11D3-BF4B-00C04F79EFBC}") = "JobNotesWPF", "JobNotesWPF\JobNotesWPF.csproj", "{4EBAF8B8-198A-4AAB-8174-560A607CA6D0}"
EndProject
Global
	GlobalSection(SolutionConfigurationPlatforms) = preSolution
		Debug|Any CPU = Debug|Any CPU
		Release|Any CPU = Release|Any CPU
	EndGlobalSection
	GlobalSection(ProjectConfigurationPlatforms) = postSolution
		{4EBAF8B8-198A-4AAB-8174-560A607CA6D0}.Debug|Any CPU.ActiveCfg = Debug|Any CPU
		{4EBAF8B8-198A-4AAB-8174-560A607CA6D0}.Debug|Any CPU.Build.0 = Debug|Any CPU
		{4EBAF8B8-198A-4AAB-8174-560A607CA6D0}.Release|Any CPU.ActiveCfg = Release|Any CPU
		{4EBAF8B8-198A-4AAB-8174-560A607CA6D0}.Release|Any CPU.Build.0 = Release|Any CPU
	EndGlobalSection
	GlobalSection(SolutionProperties) = preSolution
		HideSolutionNode = FALSE
	EndGlobalSection
	GlobalSection(ExtensibilityGlobals) = postSolution
		SolutionGuid = {916CD6DB-257C-4EB3-AA9B-C80DF843ED26}
	EndGlobalSection
EndGlobal
